
Microsoft Visual Studio Solution File, Format Version 12.00
# Visual Studio 15
VisualStudioVersion = 15.0.28307.168
MinimumVisualStudioVersion = 10.0.40219.1
Project("{8BC9CEB8-8B4A-11D0-8D11-00A0C91BC942}") = "BasicOpenGLIndexBuffer", "BasicOpenGLIndexBuffer.vcxproj", "{66B3BD56-16F9-4B75-815B-981B7AE61A8D}"
EndProject
Global
	GlobalSection(SolutionConfigurationPlatforms) = preSolution
		Debug|x86 = Debug|x86
		Release|x86 = Release|x86
	EndGlobalSection
	GlobalSection(ProjectConfigurationPlatforms) = postSolution
		{66B3BD56-16F9-4B75-815B-981B7AE61A8D}.Debug|x64.ActiveCfg = Debug|x64
		{66B3BD56-16F9-4B75-815B-981B7AE61A8D}.Debug|x64.Build.0 = Debug|x64
		{66B3BD56-16F9-4B75-815B-981B7AE61A8D}.Debug|x86.ActiveCfg = Debug|Win32
		{66B3BD56-16F9-4B75-815B-981B7AE61A8D}.Debug|x86.Build.0 = Debug|Win32
		{66B3BD56-16F9-4B75-815B-981B7AE61A8D}.Release|x64.ActiveCfg = Release|x64
		{66B3BD56-16F9-4B75-815B-981B7AE61A8D}.Release|x64.Build.0 = Release|x64
		{66B3BD56-16F9-4B75-815B-981B7AE61A8D}.Release|x86.ActiveCfg = Release|Win32
		{66B3BD56-16F9-4B75-815B-981B7AE61A8D}.Release|x86.Build.0 = Release|Win32
	EndGlobalSection
	GlobalSection(SolutionProperties) = preSolution
		HideSolutionNode = FALSE
	EndGlobalSection
	GlobalSection(ExtensibilityGlobals) = postSolution
		SolutionGuid = {4B294E53-BB47-4A09-A9C5-12CCFC879871}
	EndGlobalSection
EndGlobal
